
Microsoft Visual Studio Solution File, Format Version 12.00
# Visual Studio Version 17
VisualStudioVersion = 17.5.002.0
MinimumVisualStudioVersion = 10.0.40219.1
Project("{FAE04EC0-301F-11D3-BF4B-00C04F79EFBC}") = "BusinessLayer", "BusinessLayer\BusinessLayer.csproj", "{32A56A93-558F-4EDE-A8ED-3C4636A9349C}"
EndProject
Project("{FAE04EC0-301F-11D3-BF4B-00C04F79EFBC}") = "DataAccessLayer", "DataAccessLayer\DataAccessLayer.csproj", "{2DA191EE-72AC-4C88-88EC-1D586791E9D9}"
EndProject
Project("{FAE04EC0-301F-11D3-BF4B-00C04F79EFBC}") = "DataAccessLayerAbstractions", "DataAccessLayerAbstractions\DataAccessLayerAbstractions.csproj", "{48FB3CCC-9514-4DB5-B2C4-365CE7564F66}"
EndProject
Project("{FAE04EC0-301F-11D3-BF4B-00C04F79EFBC}") = "Domain", "Domain\Domain.csproj", "{16224C4B-2202-48A9-A286-30C392FE8395}"
EndProject
Project("{FAE04EC0-301F-11D3-BF4B-00C04F79EFBC}") = "BusinessLayerAbstractions", "BusinessLayerAbstractions\BusinessLayerAbstractions.csproj", "{065570AA-6530-48F7-8B95-6A09F299C3D8}"
EndProject
Project("{FAE04EC0-301F-11D3-BF4B-00C04F79EFBC}") = "Controllers", "Controllers\Controllers.csproj", "{2B31ED23-EBE9-4383-8064-54AEB83FEB78}"
EndProject
Project("{FAE04EC0-301F-11D3-BF4B-00C04F79EFBC}") = "Api", "Api\Api.csproj", "{4BDF20D7-6C34-4B33-AA1C-2E9606725445}"
EndProject
Global
	GlobalSection(SolutionConfigurationPlatforms) = preSolution
		Debug|Any CPU = Debug|Any CPU
		Release|Any CPU = Release|Any CPU
	EndGlobalSection
	GlobalSection(ProjectConfigurationPlatforms) = postSolution
		{32A56A93-558F-4EDE-A8ED-3C4636A9349C}.Debug|Any CPU.ActiveCfg = Debug|Any CPU
		{32A56A93-558F-4EDE-A8ED-3C4636A9349C}.Debug|Any CPU.Build.0 = Debug|Any CPU
		{32A56A93-558F-4EDE-A8ED-3C4636A9349C}.Release|Any CPU.ActiveCfg = Release|Any CPU
		{32A56A93-558F-4EDE-A8ED-3C4636A9349C}.Release|Any CPU.Build.0 = Release|Any CPU
		{2DA191EE-72AC-4C88-88EC-1D586791E9D9}.Debug|Any CPU.ActiveCfg = Debug|Any CPU
		{2DA191EE-72AC-4C88-88EC-1D586791E9D9}.Debug|Any CPU.Build.0 = Debug|Any CPU
		{2DA191EE-72AC-4C88-88EC-1D586791E9D9}.Release|Any CPU.ActiveCfg = Release|Any CPU
		{2DA191EE-72AC-4C88-88EC-1D586791E9D9}.Release|Any CPU.Build.0 = Release|Any CPU
		{48FB3CCC-9514-4DB5-B2C4-365CE7564F66}.Debug|Any CPU.ActiveCfg = Debug|Any CPU
		{48FB3CCC-9514-4DB5-B2C4-365CE7564F66}.Debug|Any CPU.Build.0 = Debug|Any CPU
		{48FB3CCC-9514-4DB5-B2C4-365CE7564F66}.Release|Any CPU.ActiveCfg = Release|Any CPU
		{48FB3CCC-9514-4DB5-B2C4-365CE7564F66}.Release|Any CPU.Build.0 = Release|Any CPU
		{16224C4B-2202-48A9-A286-30C392FE8395}.Debug|Any CPU.ActiveCfg = Debug|Any CPU
		{16224C4B-2202-48A9-A286-30C392FE8395}.Debug|Any CPU.Build.0 = Debug|Any CPU
		{16224C4B-2202-48A9-A286-30C392FE8395}.Release|Any CPU.ActiveCfg = Release|Any CPU
		{16224C4B-2202-48A9-A286-30C392FE8395}.Release|Any CPU.Build.0 = Release|Any CPU
		{065570AA-6530-48F7-8B95-6A09F299C3D8}.Debug|Any CPU.ActiveCfg = Debug|Any CPU
		{065570AA-6530-48F7-8B95-6A09F299C3D8}.Debug|Any CPU.Build.0 = Debug|Any CPU
		{065570AA-6530-48F7-8B95-6A09F299C3D8}.Release|Any CPU.ActiveCfg = Release|Any CPU
		{065570AA-6530-48F7-8B95-6A09F299C3D8}.Release|Any CPU.Build.0 = Release|Any CPU
		{2B31ED23-EBE9-4383-8064-54AEB83FEB78}.Debug|Any CPU.ActiveCfg = Debug|Any CPU
		{2B31ED23-EBE9-4383-8064-54AEB83FEB78}.Debug|Any CPU.Build.0 = Debug|Any CPU
		{2B31ED23-EBE9-4383-8064-54AEB83FEB78}.Release|Any CPU.ActiveCfg = Release|Any CPU
		{2B31ED23-EBE9-4383-8064-54AEB83FEB78}.Release|Any CPU.Build.0 = Release|Any CPU
		{4BDF20D7-6C34-4B33-AA1C-2E9606725445}.Debug|Any CPU.ActiveCfg = Debug|Any CPU
		{4BDF20D7-6C34-4B33-AA1C-2E9606725445}.Debug|Any CPU.Build.0 = Debug|Any CPU
		{4BDF20D7-6C34-4B33-AA1C-2E9606725445}.Release|Any CPU.ActiveCfg = Release|Any CPU
		{4BDF20D7-6C34-4B33-AA1C-2E9606725445}.Release|Any CPU.Build.0 = Release|Any CPU
	EndGlobalSection
	GlobalSection(SolutionProperties) = preSolution
		HideSolutionNode = FALSE
	EndGlobalSection
	GlobalSection(ExtensibilityGlobals) = postSolution
		SolutionGuid = {32474FF2-4FD8-476C-9521-74CD95AEEAAC}
	EndGlobalSection
EndGlobal
